{
	"name": "chatofpomelo",
	"version": "0.0.1",
	"lockfileVersion": 1,
	"requires": true,
	"dependencies": {
		"async": {
			"version": "0.2.5",
			"resolved": "https://registry.npmjs.org/async/-/async-0.2.5.tgz",
			"integrity": "sha1-RfBdpIB0m6TB3NjNOjdHrns2/lI="
		},
		"bl": {
			"version": "1.2.1",
			"resolved": "https://registry.npmjs.org/bl/-/bl-1.2.1.tgz",
			"integrity": "sha1-ysMo977kVzDUBLaSID/LWQ4XLV4=",
			"dependencies": {
				"isarray": {
					"version": "1.0.0",
					"resolved": "https://registry.npmjs.org/isarray/-/isarray-1.0.0.tgz",
					"integrity": "sha1-u5NdSFgsuhaMBoNJV6VKPgcSTxE="
				},
				"readable-stream": {
					"version": "2.2.11",
					"resolved": "https://registry.npmjs.org/readable-stream/-/readable-stream-2.2.11.tgz",
					"integrity": "sha512-h+8+r3MKEhkiVrwdKL8aWs1oc1VvBu33ueshOvS26RsZQ3Amhx/oO3TKe4lApSV9ueY6as8EAh7mtuFjdlhg9Q=="
				},
				"string_decoder": {
					"version": "1.0.2",
					"resolved": "https://registry.npmjs.org/string_decoder/-/string_decoder-1.0.2.tgz",
					"integrity": "sha1-sp4fThEl+pehA4K4pTNze3SR4Xk="
				}
			}
		},
		"cliff": {
			"version": "0.1.8",
			"resolved": "https://registry.npmjs.org/cliff/-/cliff-0.1.8.tgz",
			"integrity": "sha1-Q8qK2f45Q0iWk6ti3ODK4iUJ0nI="
		},
		"commander": {
			"version": "2.0.0",
			"resolved": "https://registry.npmjs.org/commander/-/commander-2.0.0.tgz",
			"integrity": "sha1-0bhvkB+LZL2UG96tr5JFMDk76Sg="
		},
		"core-util-is": {
			"version": "1.0.2",
			"resolved": "https://registry.npmjs.org/core-util-is/-/core-util-is-1.0.2.tgz",
			"integrity": "sha1-tf1UIgqivFq1eqtxQMlAdUUDwac="
		},
		"crc": {
			"version": "0.2.0",
			"resolved": "https://registry.npmjs.org/crc/-/crc-0.2.0.tgz",
			"integrity": "sha1-9Ehrm/ChLfg8P8oU4x4DD9q9lFQ="
		},
		"end-of-stream": {
			"version": "1.0.0",
			"resolved": "https://registry.npmjs.org/end-of-stream/-/end-of-stream-1.0.0.tgz",
			"integrity": "sha1-1FlucCc0qT5A6a+GQxnqvZn/Lw4="
		},
		"generic-pool": {
			"version": "2.4.6",
			"resolved": "https://registry.npmjs.org/generic-pool/-/generic-pool-2.4.6.tgz",
			"integrity": "sha1-8bVeVyFn26L+ddWqkeux6fcmQtc="
		},
		"inherits": {
			"version": "2.0.3",
			"resolved": "https://registry.npmjs.org/inherits/-/inherits-2.0.3.tgz",
			"integrity": "sha1-Yzwsg+PaQqUC9SRmAiSA9CCCYd4="
		},
		"log4js": {
			"version": "1.1.1",
			"resolved": "https://registry.npmjs.org/log4js/-/log4js-1.1.1.tgz",
			"integrity": "sha1-wh0px2BAieTyVYM+f5SzRh3h/0M="
		},
		"mkdirp": {
			"version": "0.3.3",
			"resolved": "https://registry.npmjs.org/mkdirp/-/mkdirp-0.3.3.tgz",
			"integrity": "sha1-WV4lHBNww6aLqyE20ONIuBBa3xM="
		},
		"mqtt": {
			"version": "0.3.9",
			"resolved": "https://registry.npmjs.org/mqtt/-/mqtt-0.3.9.tgz",
			"integrity": "sha1-WNXroJbHI3JMxLUMmvLvhV4amVM="
		},
		"mysql": {
			"version": "2.13.0",
			"resolved": "https://registry.npmjs.org/mysql/-/mysql-2.13.0.tgz",
			"integrity": "sha1-mY8fjKRuLj3XFJzpgkE2U5hqrkc=",
			"dependencies": {
				"readable-stream": {
					"version": "1.1.14",
					"resolved": "https://registry.npmjs.org/readable-stream/-/readable-stream-1.1.14.tgz",
					"integrity": "sha1-fPTFTvZI44EwhMY23SB54WbAgdk="
				}
			}
		},
		"node-bignumber": {
			"version": "1.2.1",
			"resolved": "https://registry.npmjs.org/node-bignumber/-/node-bignumber-1.2.1.tgz",
			"integrity": "sha1-JmyVUzUoOFOfZhyS5YYxvpeRfqU="
		},
		"pomelo": {
			"version": "2.2.7",
			"resolved": "https://registry.npmjs.org/pomelo/-/pomelo-2.2.7.tgz",
			"integrity": "sha512-QT9qTrBJN8pUjIXojOdqM7pg0ZaxqjasLLMH4Yct3YDmyWwgmq61zq1fJgXDqHNI+B5rvF1x733DLh+P45Nk7Q==",
			"requires": {
				"async": "0.2.5",
				"cliff": "0.1.8",
				"commander": "2.0.0",
				"crc": "0.2.0",
				"mkdirp": "0.3.3",
				"mqtt": "0.3.9",
				"node-bignumber": "1.2.1",
				"pomelo-admin": "1.0.1",
				"pomelo-loader": "0.0.6",
				"pomelo-logger": "0.1.7",
				"pomelo-protobuf": "0.4.0",
				"pomelo-protocol": "0.1.6",
				"pomelo-rpc": "1.0.7",
				"pomelo-scheduler": "0.3.9",
				"seq-queue": "0.0.5",
				"socket.io": "1.7.2",
				"ws": "1.1.1"
			},
			"dependencies": {
				"duplexify": {
					"version": "3.7.1",
					"resolved": "https://registry.npmjs.org/duplexify/-/duplexify-3.7.1.tgz",
					"integrity": "sha512-07z8uv2wMyS51kKhD1KsdXJg5WQ6t93RneqRxUHnskXVtlYYkLqM0gqStQZ3pj073g687jPCHrqNfCzawLYh5g==",
					"requires": {
						"end-of-stream": "^1.0.0",
						"inherits": "^2.0.1",
						"readable-stream": "^2.0.0",
						"stream-shift": "^1.0.0"
					}
				},
				"isarray": {
					"version": "1.0.0",
					"resolved": "https://registry.npmjs.org/isarray/-/isarray-1.0.0.tgz",
					"integrity": "sha1-u5NdSFgsuhaMBoNJV6VKPgcSTxE="
				},
				"mqtt-connection": {
					"version": "3.2.0",
					"resolved": "https://registry.npmjs.org/mqtt-connection/-/mqtt-connection-3.2.0.tgz",
					"integrity": "sha512-br1n12OegkGfkseOHYby2LggkQy9qtgVKo8kg64acd89/Pc+vzcEA2PzmLd/kNo5K08YuJTVo2GYmymhY8NDIw==",
					"requires": {
						"duplexify": "^3.5.1",
						"inherits": "^2.0.3",
						"mqtt-packet": "^5.4.0",
						"safe-buffer": "^5.1.1",
						"through2": "^2.0.1"
					}
				},
				"mqtt-packet": {
					"version": "5.6.1",
					"resolved": "https://registry.npmjs.org/mqtt-packet/-/mqtt-packet-5.6.1.tgz",
					"integrity": "sha512-eaF9rO2uFrIYEHomJxziuKTDkbWW5psLBaIGCazQSKqYsTaB3n4SpvJ1PexKaDBiPnMLPIFWBIiTYT3IfEJfww==",
					"requires": {
						"bl": "^1.2.1",
						"inherits": "^2.0.3",
						"process-nextick-args": "^2.0.0",
						"safe-buffer": "^5.1.0"
					}
				},
				"pomelo-admin": {
					"version": "1.0.1",
					"resolved": "https://registry.npmjs.org/pomelo-admin/-/pomelo-admin-1.0.1.tgz",
					"integrity": "sha512-sYPX8mj3aYcQwgxnseyInewNET1dqr2e9qHA7kEZ2wzsADDLvZsD8IbqJbggi74s6G/cD61zR14qepHVjPzHOg==",
					"requires": {
						"mqtt-connection": "3.2.0",
						"pomelo-monitor": "0.3.7",
						"pomelo-scheduler": "0.3.8"
					},
					"dependencies": {
						"pomelo-scheduler": {
							"version": "0.3.8",
							"resolved": "https://registry.npmjs.org/pomelo-scheduler/-/pomelo-scheduler-0.3.8.tgz",
							"integrity": "sha1-ZKyciXrkRasfd9LTHcVCLY2qq20=",
							"requires": {
								"log4js": ">=0.4.1"
							}
						}
					}
				},
				"process-nextick-args": {
					"version": "2.0.1",
					"resolved": "https://registry.npmjs.org/process-nextick-args/-/process-nextick-args-2.0.1.tgz",
					"integrity": "sha512-3ouUOpQhtgrbOa17J7+uxOTpITYWaGP7/AhoR3+A+/1e9skrzelGi/dXzEYyvbxubEF6Wn2ypscTKiKJFFn1ag=="
				},
				"readable-stream": {
					"version": "2.3.6",
					"resolved": "https://registry.npmjs.org/readable-stream/-/readable-stream-2.3.6.tgz",
					"integrity": "sha512-tQtKA9WIAhBF3+VLAseyMqZeBjW0AHJoxOtYqSUZNJxauErmLbVm2FW1y+J/YA9dUrAC39ITejlZWhVIwawkKw==",
					"requires": {
						"core-util-is": "~1.0.0",
						"inherits": "~2.0.3",
						"isarray": "~1.0.0",
						"process-nextick-args": "~2.0.0",
						"safe-buffer": "~5.1.1",
						"string_decoder": "~1.1.1",
						"util-deprecate": "~1.0.1"
					},
					"dependencies": {
						"safe-buffer": {
							"version": "5.1.2",
							"resolved": "https://registry.npmjs.org/safe-buffer/-/safe-buffer-5.1.2.tgz",
							"integrity": "sha512-Gd2UZBJDkXlY7GbJxfsE8/nvKkUEU1G38c1siN6QP6a9PT9MmHB8GnpscSmMJSoF8LOIrt8ud/wPtojys4G6+g=="
						}
					}
				},
				"safe-buffer": {
					"version": "5.2.0",
					"resolved": "https://registry.npmjs.org/safe-buffer/-/safe-buffer-5.2.0.tgz",
					"integrity": "sha512-fZEwUGbVl7kouZs1jCdMLdt95hdIv0ZeHg6L7qPeciMZhZ+/gdesW4wgTARkrFWEpspjEATAzUGPG8N2jJiwbg=="
				},
				"string_decoder": {
					"version": "1.1.1",
					"resolved": "https://registry.npmjs.org/string_decoder/-/string_decoder-1.1.1.tgz",
					"integrity": "sha512-n/ShnvDi6FHbbVfviro+WojiFzv+s8MPMHBczVePfUpDJLwoLT0ht1l4YwBCbi8pJAveEEdnkHyPyTP/mzRfwg==",
					"requires": {
						"safe-buffer": "~5.1.0"
					},
					"dependencies": {
						"safe-buffer": {
							"version": "5.1.2",
							"resolved": "https://registry.npmjs.org/safe-buffer/-/safe-buffer-5.1.2.tgz",
							"integrity": "sha512-Gd2UZBJDkXlY7GbJxfsE8/nvKkUEU1G38c1siN6QP6a9PT9MmHB8GnpscSmMJSoF8LOIrt8ud/wPtojys4G6+g=="
						}
					}
				}
			}
		},
		"pomelo-loader": {
			"version": "0.0.6",
			"resolved": "https://registry.npmjs.org/pomelo-loader/-/pomelo-loader-0.0.6.tgz",
			"integrity": "sha1-KMT+F/362ihrnUZ9FzyJgOuY9Dg="
		},
		"pomelo-logger": {
			"version": "0.1.7",
			"resolved": "https://registry.npmjs.org/pomelo-logger/-/pomelo-logger-0.1.7.tgz",
			"integrity": "sha1-skhvmVlDSmNuTzhbAiQej3wZEmU=",
			"dependencies": {
				"log4js": {
					"version": "0.6.21",
					"resolved": "https://registry.npmjs.org/log4js/-/log4js-0.6.21.tgz",
					"integrity": "sha1-Z07QnvD/6RPCo1B09pe9BHu1O18="
				},
				"semver": {
					"version": "1.1.4",
					"resolved": "https://registry.npmjs.org/semver/-/semver-1.1.4.tgz",
					"integrity": "sha1-LlpOcrqwNHLMl/cnU7RQiRLvVUA="
				}
			}
		},
		"pomelo-monitor": {
			"version": "0.3.7",
			"resolved": "https://registry.npmjs.org/pomelo-monitor/-/pomelo-monitor-0.3.7.tgz",
			"integrity": "sha1-DAEec+n4Fj+4tZD+idxXeGmlies="
		},
		"pomelo-protobuf": {
			"version": "0.4.0",
			"resolved": "https://registry.npmjs.org/pomelo-protobuf/-/pomelo-protobuf-0.4.0.tgz",
			"integrity": "sha1-5F6aCkRusYZn4MbhPutT1Hrdvag="
		},
		"pomelo-protocol": {
			"version": "0.1.6",
			"resolved": "https://registry.npmjs.org/pomelo-protocol/-/pomelo-protocol-0.1.6.tgz",
			"integrity": "sha1-0+DLU5JZY1wodTh3hSoNN9udMTs="
		},
		"pomelo-rpc": {
			"version": "1.0.7",
			"resolved": "https://registry.npmjs.org/pomelo-rpc/-/pomelo-rpc-1.0.7.tgz",
			"integrity": "sha1-L9zkRkN3BJoK9NHKjbd/u1Wy+c8=",
			"dependencies": {
				"async": {
					"version": "1.5.2",
					"resolved": "https://registry.npmjs.org/async/-/async-1.5.2.tgz",
					"integrity": "sha1-7GphrlZIDAw8skHJVhjiCJL5Zyo="
				}
			}
		},
		"pomelo-scheduler": {
			"version": "0.3.9",
			"resolved": "https://registry.npmjs.org/pomelo-scheduler/-/pomelo-scheduler-0.3.9.tgz",
			"integrity": "sha1-YcVDU5UlxcDRucby2ElgBp1hOeg=",
			"dependencies": {
				"async": {
					"version": "0.1.15",
					"resolved": "https://registry.npmjs.org/async/-/async-0.1.15.tgz",
					"integrity": "sha1-IYDqyizypspSgNQcBYW+ybPkm9M="
				},
				"log4js": {
					"version": "0.6.7",
					"resolved": "https://registry.npmjs.org/log4js/-/log4js-0.6.7.tgz",
					"integrity": "sha1-mp6qKO4FYHHHpijmKd3i5XNiu28="
				},
				"semver": {
					"version": "1.1.4",
					"resolved": "https://registry.npmjs.org/semver/-/semver-1.1.4.tgz",
					"integrity": "sha1-LlpOcrqwNHLMl/cnU7RQiRLvVUA="
				}
			}
		},
		"seq-queue": {
			"version": "0.0.5",
			"resolved": "https://registry.npmjs.org/seq-queue/-/seq-queue-0.0.5.tgz",
			"integrity": "sha1-1WgS4cAXpuTnw+Ojeh2m143TyT4="
		},
		"socket.io": {
			"version": "1.7.2",
			"resolved": "https://registry.npmjs.org/socket.io/-/socket.io-1.7.2.tgz",
			"integrity": "sha1-g7u98ueSY7N4kA2kA+eEPgXcO3E=",
			"dependencies": {
				"debug": {
					"version": "2.3.3",
					"resolved": "https://registry.npmjs.org/debug/-/debug-2.3.3.tgz",
					"integrity": "sha1-QMRT5n5uE8kB3ewxeviYbNqe/4w="
				},
				"ms": {
					"version": "0.7.2",
					"resolved": "https://registry.npmjs.org/ms/-/ms-0.7.2.tgz",
					"integrity": "sha1-riXPJRKziFodldfwN4aNhDESR2U="
				}
			}
		},
		"stream-shift": {
			"version": "1.0.0",
			"resolved": "https://registry.npmjs.org/stream-shift/-/stream-shift-1.0.0.tgz",
			"integrity": "sha1-1cdSgl5TZ+eG944Y5EXqIjoVWVI="
		},
		"through2": {
			"version": "2.0.3",
			"resolved": "https://registry.npmjs.org/through2/-/through2-2.0.3.tgz",
			"integrity": "sha1-AARWmzfHx0ujnEPzzteNGtlBQL4=",
			"dependencies": {
				"isarray": {
					"version": "1.0.0",
					"resolved": "https://registry.npmjs.org/isarray/-/isarray-1.0.0.tgz",
					"integrity": "sha1-u5NdSFgsuhaMBoNJV6VKPgcSTxE="
				},
				"readable-stream": {
					"version": "2.2.11",
					"resolved": "https://registry.npmjs.org/readable-stream/-/readable-stream-2.2.11.tgz",
					"integrity": "sha512-h+8+r3MKEhkiVrwdKL8aWs1oc1VvBu33ueshOvS26RsZQ3Amhx/oO3TKe4lApSV9ueY6as8EAh7mtuFjdlhg9Q=="
				},
				"string_decoder": {
					"version": "1.0.2",
					"resolved": "https://registry.npmjs.org/string_decoder/-/string_decoder-1.0.2.tgz",
					"integrity": "sha1-sp4fThEl+pehA4K4pTNze3SR4Xk="
				}
			}
		},
		"util-deprecate": {
			"version": "1.0.2",
			"resolved": "https://registry.npmjs.org/util-deprecate/-/util-deprecate-1.0.2.tgz",
			"integrity": "sha1-RQ1Nyfpw3nMnYvvS1KKJgUGaDM8="
		},
		"ws": {
			"version": "1.1.1",
			"resolved": "https://registry.npmjs.org/ws/-/ws-1.1.1.tgz",
			"integrity": "sha1-CC3bbGQehdS7RR8D1S8G6r2x8Bg="
		}
	}
}
